// !$*UTF8*$!
{
	archiveVersion = 1;
	classes = {
	};
	objectVersion = 46;
	objects = {

/* Begin PBXBuildFile section */
		9038C0841DD7962A00CE732F /* ItemDetailsVC.swift in Sources */ = {isa = PBXBuildFile; fileRef = 9038C0831DD7962A00CE732F /* ItemDetailsVC.swift */; };
		9038C0861DD79A6D00CE732F /* RoundedView.swift in Sources */ = {isa = PBXBuildFile; fileRef = 9038C0851DD79A6D00CE732F /* RoundedView.swift */; };
		9038C08C1DD7A7AE00CE732F /* RoundedImage.swift in Sources */ = {isa = PBXBuildFile; fileRef = 9038C08B1DD7A7AE00CE732F /* RoundedImage.swift */; };
		90F54A931DD2635F00DD0641 /* AppDelegate.swift in Sources */ = {isa = PBXBuildFile; fileRef = 90F54A921DD2635F00DD0641 /* AppDelegate.swift */; };
		90F54A951DD2635F00DD0641 /* MainVC.swift in Sources */ = {isa = PBXBuildFile; fileRef = 90F54A941DD2635F00DD0641 /* MainVC.swift */; };
		90F54A9B1DD2635F00DD0641 /* NoteDream.xcdatamodeld in Sources */ = {isa = PBXBuildFile; fileRef = 90F54A991DD2635F00DD0641 /* NoteDream.xcdatamodeld */; };
		90F54A9D1DD2635F00DD0641 /* Assets.xcassets in Resources */ = {isa = PBXBuildFile; fileRef = 90F54A9C1DD2635F00DD0641 /* Assets.xcassets */; };
		90F54AA01DD2635F00DD0641 /* LaunchScreen.storyboard in Resources */ = {isa = PBXBuildFile; fileRef = 90F54A9E1DD2635F00DD0641 /* LaunchScreen.storyboard */; };
		90F54AB01DD2649800DD0641 /* Main.storyboard in Resources */ = {isa = PBXBuildFile; fileRef = 90F54AAF1DD2649800DD0641 /* Main.storyboard */; };
		90F54AB21DD2663F00DD0641 /* Material Design.swift in Sources */ = {isa = PBXBuildFile; fileRef = 90F54AB11DD2663F00DD0641 /* Material Design.swift */; };
		90F54AB41DD266A000DD0641 /* ItemCell.swift in Sources */ = {isa = PBXBuildFile; fileRef = 90F54AB31DD266A000DD0641 /* ItemCell.swift */; };
		90F54AB61DD2672E00DD0641 /* CustomTextField.swift in Sources */ = {isa = PBXBuildFile; fileRef = 90F54AB51DD2672E00DD0641 /* CustomTextField.swift */; };
		90F54AC11DD26B5300DD0641 /* Image+CoreDataClass.swift in Sources */ = {isa = PBXBuildFile; fileRef = 90F54AB91DD26B5300DD0641 /* Image+CoreDataClass.swift */; };
		90F54AC21DD26B5300DD0641 /* Image+CoreDataProperties.swift in Sources */ = {isa = PBXBuildFile; fileRef = 90F54ABA1DD26B5300DD0641 /* Image+CoreDataProperties.swift */; };
		90F54AC31DD26B5300DD0641 /* Store+CoreDataClass.swift in Sources */ = {isa = PBXBuildFile; fileRef = 90F54ABB1DD26B5300DD0641 /* Store+CoreDataClass.swift */; };
		90F54AC41DD26B5300DD0641 /* Store+CoreDataProperties.swift in Sources */ = {isa = PBXBuildFile; fileRef = 90F54ABC1DD26B5300DD0641 /* Store+CoreDataProperties.swift */; };
		90F54AC51DD26B5300DD0641 /* Item+CoreDataClass.swift in Sources */ = {isa = PBXBuildFile; fileRef = 90F54ABD1DD26B5300DD0641 /* Item+CoreDataClass.swift */; };
		90F54AC61DD26B5300DD0641 /* Item+CoreDataProperties.swift in Sources */ = {isa = PBXBuildFile; fileRef = 90F54ABE1DD26B5300DD0641 /* Item+CoreDataProperties.swift */; };
		90F54AC71DD26B5300DD0641 /* ItemType+CoreDataClass.swift in Sources */ = {isa = PBXBuildFile; fileRef = 90F54ABF1DD26B5300DD0641 /* ItemType+CoreDataClass.swift */; };
		90F54AC81DD26B5300DD0641 /* ItemType+CoreDataProperties.swift in Sources */ = {isa = PBXBuildFile; fileRef = 90F54AC01DD26B5300DD0641 /* ItemType+CoreDataProperties.swift */; };
		90F54ACB1DD28BE100DD0641 /* RoundedButton.swift in Sources */ = {isa = PBXBuildFile; fileRef = 90F54ACA1DD28BE100DD0641 /* RoundedButton.swift */; };
/* End PBXBuildFile section */

/* Begin PBXFileReference section */
		9038C0831DD7962A00CE732F /* ItemDetailsVC.swift */ = {isa = PBXFileReference; fileEncoding = 4; lastKnownFileType = sourcecode.swift; path = ItemDetailsVC.swift; sourceTree = "<group>"; };
		9038C0851DD79A6D00CE732F /* RoundedView.swift */ = {isa = PBXFileReference; fileEncoding = 4; lastKnownFileType = sourcecode.swift; path = RoundedView.swift; sourceTree = "<group>"; };
		9038C08B1DD7A7AE00CE732F /* RoundedImage.swift */ = {isa = PBXFileReference; fileEncoding = 4; lastKnownFileType = sourcecode.swift; path = RoundedImage.swift; sourceTree = "<group>"; };
		90F54A8F1DD2635F00DD0641 /* NoteDream.app */ = {isa = PBXFileReference; explicitFileType = wrapper.application; includeInIndex = 0; path = NoteDream.app; sourceTree = BUILT_PRODUCTS_DIR; };
		90F54A921DD2635F00DD0641 /* AppDelegate.swift */ = {isa = PBXFileReference; lastKnownFileType = sourcecode.swift; path = AppDelegate.swift; sourceTree = "<group>"; };
		90F54A941DD2635F00DD0641 /* MainVC.swift */ = {isa = PBXFileReference; lastKnownFileType = sourcecode.swift; path = MainVC.swift; sourceTree = "<group>"; };
		90F54A9A1DD2635F00DD0641 /* NoteDream.xcdatamodel */ = {isa = PBXFileReference; lastKnownFileType = wrapper.xcdatamodel; path = NoteDream.xcdatamodel; sourceTree = "<group>"; };
		90F54A9C1DD2635F00DD0641 /* Assets.xcassets */ = {isa = PBXFileReference; lastKnownFileType = folder.assetcatalog; path = Assets.xcassets; sourceTree = "<group>"; };
		90F54A9F1DD2635F00DD0641 /* Base */ = {isa = PBXFileReference; lastKnownFileType = file.storyboard; name = Base; path = Base.lproj/LaunchScreen.storyboard; sourceTree = "<group>"; };
		90F54AA11DD2635F00DD0641 /* Info.plist */ = {isa = PBXFileReference; lastKnownFileType = text.plist.xml; path = Info.plist; sourceTree = "<group>"; };
		90F54AAF1DD2649800DD0641 /* Main.storyboard */ = {isa = PBXFileReference; fileEncoding = 4; lastKnownFileType = file.storyboard; name = Main.storyboard; path = ../Main.storyboard; sourceTree = "<group>"; };
		90F54AB11DD2663F00DD0641 /* Material Design.swift */ = {isa = PBXFileReference; fileEncoding = 4; lastKnownFileType = sourcecode.swift; path = "Material Design.swift"; sourceTree = "<group>"; };
		90F54AB31DD266A000DD0641 /* ItemCell.swift */ = {isa = PBXFileReference; fileEncoding = 4; lastKnownFileType = sourcecode.swift; path = ItemCell.swift; sourceTree = "<group>"; };
		90F54AB51DD2672E00DD0641 /* CustomTextField.swift */ = {isa = PBXFileReference; fileEncoding = 4; lastKnownFileType = sourcecode.swift; path = CustomTextField.swift; sourceTree = "<group>"; };
		90F54AB91DD26B5300DD0641 /* Image+CoreDataClass.swift */ = {isa = PBXFileReference; fileEncoding = 4; lastKnownFileType = sourcecode.swift; name = "Image+CoreDataClass.swift"; path = "../Image+CoreDataClass.swift"; sourceTree = "<group>"; };
		90F54ABA1DD26B5300DD0641 /* Image+CoreDataProperties.swift */ = {isa = PBXFileReference; fileEncoding = 4; lastKnownFileType = sourcecode.swift; name = "Image+CoreDataProperties.swift"; path = "../Image+CoreDataProperties.swift"; sourceTree = "<group>"; };
		90F54ABB1DD26B5300DD0641 /* Store+CoreDataClass.swift */ = {isa = PBXFileReference; fileEncoding = 4; lastKnownFileType = sourcecode.swift; name = "Store+CoreDataClass.swift"; path = "../Store+CoreDataClass.swift"; sourceTree = "<group>"; };
		90F54ABC1DD26B5300DD0641 /* Store+CoreDataProperties.swift */ = {isa = PBXFileReference; fileEncoding = 4; lastKnownFileType = sourcecode.swift; name = "Store+CoreDataProperties.swift"; path = "../Store+CoreDataProperties.swift"; sourceTree = "<group>"; };
		90F54ABD1DD26B5300DD0641 /* Item+CoreDataClass.swift */ = {isa = PBXFileReference; fileEncoding = 4; lastKnownFileType = sourcecode.swift; name = "Item+CoreDataClass.swift"; path = "../Item+CoreDataClass.swift"; sourceTree = "<group>"; };
		90F54ABE1DD26B5300DD0641 /* Item+CoreDataProperties.swift */ = {isa = PBXFileReference; fileEncoding = 4; lastKnownFileType = sourcecode.swift; name = "Item+CoreDataProperties.swift"; path = "../Item+CoreDataProperties.swift"; sourceTree = "<group>"; };
		90F54ABF1DD26B5300DD0641 /* ItemType+CoreDataClass.swift */ = {isa = PBXFileReference; fileEncoding = 4; lastKnownFileType = sourcecode.swift; name = "ItemType+CoreDataClass.swift"; path = "../ItemType+CoreDataClass.swift"; sourceTree = "<group>"; };
		90F54AC01DD26B5300DD0641 /* ItemType+CoreDataProperties.swift */ = {isa = PBXFileReference; fileEncoding = 4; lastKnownFileType = sourcecode.swift; name = "ItemType+CoreDataProperties.swift"; path = "../ItemType+CoreDataProperties.swift"; sourceTree = "<group>"; };
		90F54ACA1DD28BE100DD0641 /* RoundedButton.swift */ = {isa = PBXFileReference; fileEncoding = 4; lastKnownFileType = sourcecode.swift; path = RoundedButton.swift; sourceTree = "<group>"; };
/* End PBXFileReference section */

/* Begin PBXFrameworksBuildPhase section */
		90F54A8C1DD2635F00DD0641 /* Frameworks */ = {
			isa = PBXFrameworksBuildPhase;
			buildActionMask = 2147483647;
			files = (
			);
			runOnlyForDeploymentPostprocessing = 0;
		};
/* End PBXFrameworksBuildPhase section */

/* Begin PBXGroup section */
		90F54A861DD2635F00DD0641 = {
			isa = PBXGroup;
			children = (
				90F54A911DD2635F00DD0641 /* NoteDream */,
				90F54A901DD2635F00DD0641 /* Products */,
			);
			sourceTree = "<group>";
		};
		90F54A901DD2635F00DD0641 /* Products */ = {
			isa = PBXGroup;
			children = (
				90F54A8F1DD2635F00DD0641 /* NoteDream.app */,
			);
			name = Products;
			sourceTree = "<group>";
		};
		90F54A911DD2635F00DD0641 /* NoteDream */ = {
			isa = PBXGroup;
			children = (
				90F54AAA1DD2638B00DD0641 /* Services */,
				90F54AA91DD2638400DD0641 /* Model */,
				90F54AA81DD2637A00DD0641 /* View */,
				90F54AA71DD2637000DD0641 /* Controller */,
				90F54A9C1DD2635F00DD0641 /* Assets.xcassets */,
			);
			path = NoteDream;
			sourceTree = "<group>";
		};
		90F54AA71DD2637000DD0641 /* Controller */ = {
			isa = PBXGroup;
			children = (
				90F54A941DD2635F00DD0641 /* MainVC.swift */,
				9038C0831DD7962A00CE732F /* ItemDetailsVC.swift */,
			);
			name = Controller;
			sourceTree = "<group>";
		};
		90F54AA81DD2637A00DD0641 /* View */ = {
			isa = PBXGroup;
			children = (
				90F54A9E1DD2635F00DD0641 /* LaunchScreen.storyboard */,
				90F54AAF1DD2649800DD0641 /* Main.storyboard */,
			);
			name = View;
			sourceTree = "<group>";
		};
		90F54AA91DD2638400DD0641 /* Model */ = {
			isa = PBXGroup;
			children = (
				90F54AB91DD26B5300DD0641 /* Image+CoreDataClass.swift */,
				90F54ABB1DD26B5300DD0641 /* Store+CoreDataClass.swift */,
				90F54ABD1DD26B5300DD0641 /* Item+CoreDataClass.swift */,
				90F54ABF1DD26B5300DD0641 /* ItemType+CoreDataClass.swift */,
				90F54AC91DD26B6C00DD0641 /* Generated */,
			);
			name = Model;
			sourceTree = "<group>";
		};
		90F54AAA1DD2638B00DD0641 /* Services */ = {
			isa = PBXGroup;
			children = (
				90F54AB11DD2663F00DD0641 /* Material Design.swift */,
				90F54AB31DD266A000DD0641 /* ItemCell.swift */,
				90F54AB51DD2672E00DD0641 /* CustomTextField.swift */,
				90F54A921DD2635F00DD0641 /* AppDelegate.swift */,
				90F54A991DD2635F00DD0641 /* NoteDream.xcdatamodeld */,
				90F54ACA1DD28BE100DD0641 /* RoundedButton.swift */,
				9038C0851DD79A6D00CE732F /* RoundedView.swift */,
				90F54AA11DD2635F00DD0641 /* Info.plist */,
				9038C08B1DD7A7AE00CE732F /* RoundedImage.swift */,
			);
			name = Services;
			sourceTree = "<group>";
		};
		90F54AC91DD26B6C00DD0641 /* Generated */ = {
			isa = PBXGroup;
			children = (
				90F54ABA1DD26B5300DD0641 /* Image+CoreDataProperties.swift */,
				90F54ABC1DD26B5300DD0641 /* Store+CoreDataProperties.swift */,
				90F54ABE1DD26B5300DD0641 /* Item+CoreDataProperties.swift */,
				90F54AC01DD26B5300DD0641 /* ItemType+CoreDataProperties.swift */,
			);
			name = Generated;
			sourceTree = "<group>";
		};
/* End PBXGroup section */

/* Begin PBXNativeTarget section */
		90F54A8E1DD2635F00DD0641 /* NoteDream */ = {
			isa = PBXNativeTarget;
			buildConfigurationList = 90F54AA41DD2635F00DD0641 /* Build configuration list for PBXNativeTarget "NoteDream" */;
			buildPhases = (
				90F54A8B1DD2635F00DD0641 /* Sources */,
				90F54A8C1DD2635F00DD0641 /* Frameworks */,
				90F54A8D1DD2635F00DD0641 /* Resources */,
			);
			buildRules = (
			);
			dependencies = (
			);
			name = NoteDream;
			productName = NoteDream;
			productReference = 90F54A8F1DD2635F00DD0641 /* NoteDream.app */;
			productType = "com.apple.product-type.application";
		};
/* End PBXNativeTarget section */

/* Begin PBXProject section */
		90F54A871DD2635F00DD0641 /* Project object */ = {
			isa = PBXProject;
			attributes = {
				LastSwiftUpdateCheck = 0800;
				LastUpgradeCheck = 0800;
				ORGANIZATIONNAME = "Andrii Halabuda";
				TargetAttributes = {
					90F54A8E1DD2635F00DD0641 = {
						CreatedOnToolsVersion = 8.0;
						DevelopmentTeam = PTRW36GG78;
						ProvisioningStyle = Automatic;
					};
				};
			};
			buildConfigurationList = 90F54A8A1DD2635F00DD0641 /* Build configuration list for PBXProject "NoteDream" */;
			compatibilityVersion = "Xcode 3.2";
			developmentRegion = English;
			hasScannedForEncodings = 0;
			knownRegions = (
				en,
				Base,
			);
			mainGroup = 90F54A861DD2635F00DD0641;
			productRefGroup = 90F54A901DD2635F00DD0641 /* Products */;
			projectDirPath = "";
			projectRoot = "";
			targets = (
				90F54A8E1DD2635F00DD0641 /* NoteDream */,
			);
		};
/* End PBXProject section */

/* Begin PBXResourcesBuildPhase section */
		90F54A8D1DD2635F00DD0641 /* Resources */ = {
			isa = PBXResourcesBuildPhase;
			buildActionMask = 2147483647;
			files = (
				90F54AA01DD2635F00DD0641 /* LaunchScreen.storyboard in Resources */,
				90F54A9D1DD2635F00DD0641 /* Assets.xcassets in Resources */,
				90F54AB01DD2649800DD0641 /* Main.storyboard in Resources */,
			);
			runOnlyForDeploymentPostprocessing = 0;
		};
/* End PBXResourcesBuildPhase section */

/* Begin PBXSourcesBuildPhase section */
		90F54A8B1DD2635F00DD0641 /* Sources */ = {
			isa = PBXSourcesBuildPhase;
			buildActionMask = 2147483647;
			files = (
				9038C0861DD79A6D00CE732F /* RoundedView.swift in Sources */,
				90F54AC61DD26B5300DD0641 /* Item+CoreDataProperties.swift in Sources */,
				90F54AC11DD26B5300DD0641 /* Image+CoreDataClass.swift in Sources */,
				90F54AC41DD26B5300DD0641 /* Store+CoreDataProperties.swift in Sources */,
				90F54AC21DD26B5300DD0641 /* Image+CoreDataProperties.swift in Sources */,
				90F54AB61DD2672E00DD0641 /* CustomTextField.swift in Sources */,
				90F54AC51DD26B5300DD0641 /* Item+CoreDataClass.swift in Sources */,
				90F54A951DD2635F00DD0641 /* MainVC.swift in Sources */,
				9038C0841DD7962A00CE732F /* ItemDetailsVC.swift in Sources */,
				90F54AC81DD26B5300DD0641 /* ItemType+CoreDataProperties.swift in Sources */,
				90F54AB41DD266A000DD0641 /* ItemCell.swift in Sources */,
				9038C08C1DD7A7AE00CE732F /* RoundedImage.swift in Sources */,
				90F54A9B1DD2635F00DD0641 /* NoteDream.xcdatamodeld in Sources */,
				90F54ACB1DD28BE100DD0641 /* RoundedButton.swift in Sources */,
				90F54A931DD2635F00DD0641 /* AppDelegate.swift in Sources */,
				90F54AC71DD26B5300DD0641 /* ItemType+CoreDataClass.swift in Sources */,
				90F54AC31DD26B5300DD0641 /* Store+CoreDataClass.swift in Sources */,
				90F54AB21DD2663F00DD0641 /* Material Design.swift in Sources */,
			);
			runOnlyForDeploymentPostprocessing = 0;
		};
/* End PBXSourcesBuildPhase section */

/* Begin PBXVariantGroup section */
		90F54A9E1DD2635F00DD0641 /* LaunchScreen.storyboard */ = {
			isa = PBXVariantGroup;
			children = (
				90F54A9F1DD2635F00DD0641 /* Base */,
			);
			name = LaunchScreen.storyboard;
			sourceTree = "<group>";
		};
/* End PBXVariantGroup section */

/* Begin XCBuildConfiguration section */
		90F54AA21DD2635F00DD0641 /* Debug */ = {
			isa = XCBuildConfiguration;
			buildSettings = {
				ALWAYS_SEARCH_USER_PATHS = NO;
				CLANG_ANALYZER_NONNULL = YES;
				CLANG_CXX_LANGUAGE_STANDARD = "gnu++0x";
				CLANG_CXX_LIBRARY = "libc++";
				CLANG_ENABLE_MODULES = YES;
				CLANG_ENABLE_OBJC_ARC = YES;
				CLANG_WARN_BOOL_CONVERSION = YES;
				CLANG_WARN_CONSTANT_CONVERSION = YES;
				CLANG_WARN_DIRECT_OBJC_ISA_USAGE = YES_ERROR;
				CLANG_WARN_DOCUMENTATION_COMMENTS = YES;
				CLANG_WARN_EMPTY_BODY = YES;
				CLANG_WARN_ENUM_CONVERSION = YES;
				CLANG_WARN_INFINITE_RECURSION = YES;
				CLANG_WARN_INT_CONVERSION = YES;
				CLANG_WARN_OBJC_ROOT_CLASS = YES_ERROR;
				CLANG_WARN_SUSPICIOUS_MOVES = YES;
				CLANG_WARN_UNREACHABLE_CODE = YES;
				CLANG_WARN__DUPLICATE_METHOD_MATCH = YES;
				"CODE_SIGN_IDENTITY[sdk=iphoneos*]" = "iPhone Developer";
				COPY_PHASE_STRIP = NO;
				DEBUG_INFORMATION_FORMAT = dwarf;
				ENABLE_STRICT_OBJC_MSGSEND = YES;
				ENABLE_TESTABILITY = YES;
				GCC_C_LANGUAGE_STANDARD = gnu99;
				GCC_DYNAMIC_NO_PIC = NO;
				GCC_NO_COMMON_BLOCKS = YES;
				GCC_OPTIMIZATION_LEVEL = 0;
				GCC_PREPROCESSOR_DEFINITIONS = (
					"DEBUG=1",
					"$(inherited)",
				);
				GCC_WARN_64_TO_32_BIT_CONVERSION = YES;
				GCC_WARN_ABOUT_RETURN_TYPE = YES_ERROR;
				GCC_WARN_UNDECLARED_SELECTOR = YES;
				GCC_WARN_UNINITIALIZED_AUTOS = YES_AGGRESSIVE;
				GCC_WARN_UNUSED_FUNCTION = YES;
				GCC_WARN_UNUSED_VARIABLE = YES;
				IPHONEOS_DEPLOYMENT_TARGET = 10.0;
				MTL_ENABLE_DEBUG_INFO = YES;
				ONLY_ACTIVE_ARCH = YES;
				SDKROOT = iphoneos;
				SWIFT_ACTIVE_COMPILATION_CONDITIONS = DEBUG;
				SWIFT_OPTIMIZATION_LEVEL = "-Onone";
			};
			name = Debug;
		};
		90F54AA31DD2635F00DD0641 /* Release */ = {
			isa = XCBuildConfiguration;
			buildSettings = {
				ALWAYS_SEARCH_USER_PATHS = NO;
				CLANG_ANALYZER_NONNULL = YES;
				CLANG_CXX_LANGUAGE_STANDARD = "gnu++0x";
				CLANG_CXX_LIBRARY = "libc++";
				CLANG_ENABLE_MODULES = YES;
				CLANG_ENABLE_OBJC_ARC = YES;
				CLANG_WARN_BOOL_CONVERSION = YES;
				CLANG_WARN_CONSTANT_CONVERSION = YES;
				CLANG_WARN_DIRECT_OBJC_ISA_USAGE = YES_ERROR;
				CLANG_WARN_DOCUMENTATION_COMMENTS = YES;
				CLANG_WARN_EMPTY_BODY = YES;
				CLANG_WARN_ENUM_CONVERSION = YES;
				CLANG_WARN_INFINITE_RECURSION = YES;
				CLANG_WARN_INT_CONVERSION = YES;
				CLANG_WARN_OBJC_ROOT_CLASS = YES_ERROR;
				CLANG_WARN_SUSPICIOUS_MOVES = YES;
				CLANG_WARN_UNREACHABLE_CODE = YES;
				CLANG_WARN__DUPLICATE_METHOD_MATCH = YES;
				"CODE_SIGN_IDENTITY[sdk=iphoneos*]" = "iPhone Developer";
				COPY_PHASE_STRIP = NO;
				DEBUG_INFORMATION_FORMAT = "dwarf-with-dsym";
				ENABLE_NS_ASSERTIONS = NO;
				ENABLE_STRICT_OBJC_MSGSEND = YES;
				GCC_C_LANGUAGE_STANDARD = gnu99;
				GCC_NO_COMMON_BLOCKS = YES;
				GCC_WARN_64_TO_32_BIT_CONVERSION = YES;
				GCC_WARN_ABOUT_RETURN_TYPE = YES_ERROR;
				GCC_WARN_UNDECLARED_SELECTOR = YES;
				GCC_WARN_UNINITIALIZED_AUTOS = YES_AGGRESSIVE;
				GCC_WARN_UNUSED_FUNCTION = YES;
				GCC_WARN_UNUSED_VARIABLE = YES;
				IPHONEOS_DEPLOYMENT_TARGET = 10.0;
				MTL_ENABLE_DEBUG_INFO = NO;
				SDKROOT = iphoneos;
				SWIFT_OPTIMIZATION_LEVEL = "-Owholemodule";
				VALIDATE_PRODUCT = YES;
			};
			name = Release;
		};
		90F54AA51DD2635F00DD0641 /* Debug */ = {
			isa = XCBuildConfiguration;
			buildSettings = {
				ASSETCATALOG_COMPILER_APPICON_NAME = AppIcon;
				DEVELOPMENT_TEAM = PTRW36GG78;
				INFOPLIST_FILE = NoteDream/Info.plist;
				LD_RUNPATH_SEARCH_PATHS = "$(inherited) @executable_path/Frameworks";
				PRODUCT_BUNDLE_IDENTIFIER = com.losAngelesBoy.NoteDream;
				PRODUCT_NAME = "$(TARGET_NAME)";
				SWIFT_VERSION = 3.0;
			};
			name = Debug;
		};
		90F54AA61DD2635F00DD0641 /* Release */ = {
			isa = XCBuildConfiguration;
			buildSettings = {
				ASSETCATALOG_COMPILER_APPICON_NAME = AppIcon;
				DEVELOPMENT_TEAM = PTRW36GG78;
				INFOPLIST_FILE = NoteDream/Info.plist;
				LD_RUNPATH_SEARCH_PATHS = "$(inherited) @executable_path/Frameworks";
				PRODUCT_BUNDLE_IDENTIFIER = com.losAngelesBoy.NoteDream;
				PRODUCT_NAME = "$(TARGET_NAME)";
				SWIFT_VERSION = 3.0;
			};
			name = Release;
		};
/* End XCBuildConfiguration section */

/* Begin XCConfigurationList section */
		90F54A8A1DD2635F00DD0641 /* Build configuration list for PBXProject "NoteDream" */ = {
			isa = XCConfigurationList;
			buildConfigurations = (
				90F54AA21DD2635F00DD0641 /* Debug */,
				90F54AA31DD2635F00DD0641 /* Release */,
			);
			defaultConfigurationIsVisible = 0;
			defaultConfigurationName = Release;
		};
		90F54AA41DD2635F00DD0641 /* Build configuration list for PBXNativeTarget "NoteDream" */ = {
			isa = XCConfigurationList;
			buildConfigurations = (
				90F54AA51DD2635F00DD0641 /* Debug */,
				90F54AA61DD2635F00DD0641 /* Release */,
			);
			defaultConfigurationIsVisible = 0;
			defaultConfigurationName = Release;
		};
/* End XCConfigurationList section */

/* Begin XCVersionGroup section */
		90F54A991DD2635F00DD0641 /* NoteDream.xcdatamodeld */ = {
			isa = XCVersionGroup;
			children = (
				90F54A9A1DD2635F00DD0641 /* NoteDream.xcdatamodel */,
			);
			currentVersion = 90F54A9A1DD2635F00DD0641 /* NoteDream.xcdatamodel */;
			path = NoteDream.xcdatamodeld;
			sourceTree = "<group>";
			versionGroupType = wrapper.xcdatamodel;
		};
/* End XCVersionGroup section */
	};
	rootObject = 90F54A871DD2635F00DD0641 /* Project object */;
}
